// !$*UTF8*$!
{
	archiveVersion = 1;
	classes = {
	};
	objectVersion = 52;
	objects = {

/* Begin PBXBuildFile section */
		5013AC37288BE26500C14186 /* Person.swift in Sources */ = {isa = PBXBuildFile; fileRef = 5013AC36288BE26500C14186 /* Person.swift */; };
		5013AC39288BE48200C14186 /* PeopleView.swift in Sources */ = {isa = PBXBuildFile; fileRef = 5013AC38288BE48200C14186 /* PeopleView.swift */; };
		50420104268780810000B39E /* ProjectsApp.swift in Sources */ = {isa = PBXBuildFile; fileRef = 50420103268780810000B39E /* ProjectsApp.swift */; };
		50420106268780810000B39E /* ProjectsView.swift in Sources */ = {isa = PBXBuildFile; fileRef = 50420105268780810000B39E /* ProjectsView.swift */; };
		50420108268780810000B39E /* Assets.xcassets in Resources */ = {isa = PBXBuildFile; fileRef = 50420107268780810000B39E /* Assets.xcassets */; };
		5042010B268780810000B39E /* Preview Assets.xcassets in Resources */ = {isa = PBXBuildFile; fileRef = 5042010A268780810000B39E /* Preview Assets.xcassets */; };
		50420114268780B80000B39E /* Project.swift in Sources */ = {isa = PBXBuildFile; fileRef = 50420113268780B80000B39E /* Project.swift */; };
		50420117268780DF0000B39E /* Files in Frameworks */ = {isa = PBXBuildFile; productRef = 50420116268780DF0000B39E /* Files */; };
		50758E74288FDED500132C6D /* RootDir.swift in Sources */ = {isa = PBXBuildFile; fileRef = 50758E73288FDED500132C6D /* RootDir.swift */; };
		5084EC7C268787DF004F4EF1 /* ImagePicker.swift in Sources */ = {isa = PBXBuildFile; fileRef = 5084EC7B268787DF004F4EF1 /* ImagePicker.swift */; };
		5084EC7E268787F0004F4EF1 /* String+extensions.swift in Sources */ = {isa = PBXBuildFile; fileRef = 5084EC7D268787F0004F4EF1 /* String+extensions.swift */; };
		5084EC82268787F9004F4EF1 /* ProjectView.swift in Sources */ = {isa = PBXBuildFile; fileRef = 5084EC80268787F9004F4EF1 /* ProjectView.swift */; };
		508C0EF5288BCB4F0097CFA4 /* Project+photos.swift in Sources */ = {isa = PBXBuildFile; fileRef = 508C0EF4288BCB4F0097CFA4 /* Project+photos.swift */; };
		509E8DB5288FE640008134AC /* Directory in Frameworks */ = {isa = PBXBuildFile; productRef = 509E8DB4288FE640008134AC /* Directory */; };
		50EB5C9328903444008E55C8 /* AsyncView in Frameworks */ = {isa = PBXBuildFile; productRef = 50EB5C9228903444008E55C8 /* AsyncView */; };
		50EB5C95289038FA008E55C8 /* DirectoryItem.swift in Sources */ = {isa = PBXBuildFile; fileRef = 50EB5C94289038FA008E55C8 /* DirectoryItem.swift */; };
		50EB5C9728904686008E55C8 /* AsyncResult.swift in Sources */ = {isa = PBXBuildFile; fileRef = 50EB5C9628904686008E55C8 /* AsyncResult.swift */; };
		50EB5C99289046CC008E55C8 /* DiskItem.swift in Sources */ = {isa = PBXBuildFile; fileRef = 50EB5C98289046CC008E55C8 /* DiskItem.swift */; };
		50EB5C9B289046DC008E55C8 /* PhotoResolver.swift in Sources */ = {isa = PBXBuildFile; fileRef = 50EB5C9A289046DC008E55C8 /* PhotoResolver.swift */; };
		50EB5C9D2890470B008E55C8 /* PhotoView.swift in Sources */ = {isa = PBXBuildFile; fileRef = 50EB5C9C2890470B008E55C8 /* PhotoView.swift */; };
		50EB5CA02890479C008E55C8 /* UniqueItem.swift in Sources */ = {isa = PBXBuildFile; fileRef = 50EB5C9F2890479C008E55C8 /* UniqueItem.swift */; };
/* End PBXBuildFile section */

/* Begin PBXFileReference section */
		5013AC36288BE26500C14186 /* Person.swift */ = {isa = PBXFileReference; lastKnownFileType = sourcecode.swift; path = Person.swift; sourceTree = "<group>"; };
		5013AC38288BE48200C14186 /* PeopleView.swift */ = {isa = PBXFileReference; lastKnownFileType = sourcecode.swift; path = PeopleView.swift; sourceTree = "<group>"; };
		50420100268780810000B39E /* Projects.app */ = {isa = PBXFileReference; explicitFileType = wrapper.application; includeInIndex = 0; path = Projects.app; sourceTree = BUILT_PRODUCTS_DIR; };
		50420103268780810000B39E /* ProjectsApp.swift */ = {isa = PBXFileReference; lastKnownFileType = sourcecode.swift; path = ProjectsApp.swift; sourceTree = "<group>"; };
		50420105268780810000B39E /* ProjectsView.swift */ = {isa = PBXFileReference; lastKnownFileType = sourcecode.swift; path = ProjectsView.swift; sourceTree = "<group>"; };
		50420107268780810000B39E /* Assets.xcassets */ = {isa = PBXFileReference; lastKnownFileType = folder.assetcatalog; path = Assets.xcassets; sourceTree = "<group>"; };
		5042010A268780810000B39E /* Preview Assets.xcassets */ = {isa = PBXFileReference; lastKnownFileType = folder.assetcatalog; path = "Preview Assets.xcassets"; sourceTree = "<group>"; };
		5042010C268780810000B39E /* Info.plist */ = {isa = PBXFileReference; lastKnownFileType = text.plist.xml; path = Info.plist; sourceTree = "<group>"; };
		50420113268780B80000B39E /* Project.swift */ = {isa = PBXFileReference; fileEncoding = 4; lastKnownFileType = sourcecode.swift; path = Project.swift; sourceTree = "<group>"; };
		50758E73288FDED500132C6D /* RootDir.swift */ = {isa = PBXFileReference; lastKnownFileType = sourcecode.swift; path = RootDir.swift; sourceTree = "<group>"; };
		5084EC7B268787DF004F4EF1 /* ImagePicker.swift */ = {isa = PBXFileReference; fileEncoding = 4; lastKnownFileType = sourcecode.swift; path = ImagePicker.swift; sourceTree = "<group>"; };
		5084EC7D268787F0004F4EF1 /* String+extensions.swift */ = {isa = PBXFileReference; fileEncoding = 4; lastKnownFileType = sourcecode.swift; path = "String+extensions.swift"; sourceTree = "<group>"; };
		5084EC80268787F9004F4EF1 /* ProjectView.swift */ = {isa = PBXFileReference; fileEncoding = 4; lastKnownFileType = sourcecode.swift; path = ProjectView.swift; sourceTree = "<group>"; };
		508C0EF4288BCB4F0097CFA4 /* Project+photos.swift */ = {isa = PBXFileReference; lastKnownFileType = sourcecode.swift; path = "Project+photos.swift"; sourceTree = "<group>"; };
		50EB5C94289038FA008E55C8 /* DirectoryItem.swift */ = {isa = PBXFileReference; lastKnownFileType = sourcecode.swift; path = DirectoryItem.swift; sourceTree = "<group>"; };
		50EB5C9628904686008E55C8 /* AsyncResult.swift */ = {isa = PBXFileReference; lastKnownFileType = sourcecode.swift; path = AsyncResult.swift; sourceTree = "<group>"; };
		50EB5C98289046CC008E55C8 /* DiskItem.swift */ = {isa = PBXFileReference; lastKnownFileType = sourcecode.swift; path = DiskItem.swift; sourceTree = "<group>"; };
		50EB5C9A289046DC008E55C8 /* PhotoResolver.swift */ = {isa = PBXFileReference; lastKnownFileType = sourcecode.swift; path = PhotoResolver.swift; sourceTree = "<group>"; };
		50EB5C9C2890470B008E55C8 /* PhotoView.swift */ = {isa = PBXFileReference; lastKnownFileType = sourcecode.swift; path = PhotoView.swift; sourceTree = "<group>"; };
		50EB5C9F2890479C008E55C8 /* UniqueItem.swift */ = {isa = PBXFileReference; lastKnownFileType = sourcecode.swift; path = UniqueItem.swift; sourceTree = "<group>"; };
/* End PBXFileReference section */

/* Begin PBXFrameworksBuildPhase section */
		504200FD268780810000B39E /* Frameworks */ = {
			isa = PBXFrameworksBuildPhase;
			buildActionMask = 2147483647;
			files = (
				509E8DB5288FE640008134AC /* Directory in Frameworks */,
				50420117268780DF0000B39E /* Files in Frameworks */,
				50EB5C9328903444008E55C8 /* AsyncView in Frameworks */,
			);
			runOnlyForDeploymentPostprocessing = 0;
		};
/* End PBXFrameworksBuildPhase section */

/* Begin PBXGroup section */
		504200F7268780810000B39E = {
			isa = PBXGroup;
			children = (
				50420102268780810000B39E /* Projects */,
				50420101268780810000B39E /* Products */,
				50420118268780ED0000B39E /* Frameworks */,
			);
			sourceTree = "<group>";
		};
		50420101268780810000B39E /* Products */ = {
			isa = PBXGroup;
			children = (
				50420100268780810000B39E /* Projects.app */,
			);
			name = Products;
			sourceTree = "<group>";
		};
		50420102268780810000B39E /* Projects */ = {
			isa = PBXGroup;
			children = (
				50420103268780810000B39E /* ProjectsApp.swift */,
				50EB5CA3289047C4008E55C8 /* Person */,
				50EB5CA2289047BD008E55C8 /* Project */,
				5084EC7B268787DF004F4EF1 /* ImagePicker.swift */,
				50EB5CA1289047AC008E55C8 /* Items */,
				5084EC7D268787F0004F4EF1 /* String+extensions.swift */,
				50EB5C9E2890477C008E55C8 /* AsyncPhotoView */,
				50420107268780810000B39E /* Assets.xcassets */,
				5042010C268780810000B39E /* Info.plist */,
				50420109268780810000B39E /* Preview Content */,
			);
			path = Projects;
			sourceTree = "<group>";
		};
		50420109268780810000B39E /* Preview Content */ = {
			isa = PBXGroup;
			children = (
				5042010A268780810000B39E /* Preview Assets.xcassets */,
			);
			path = "Preview Content";
			sourceTree = "<group>";
		};
		50420118268780ED0000B39E /* Frameworks */ = {
			isa = PBXGroup;
			children = (
			);
			name = Frameworks;
			sourceTree = "<group>";
		};
		50EB5C9E2890477C008E55C8 /* AsyncPhotoView */ = {
			isa = PBXGroup;
			children = (
				50EB5C9C2890470B008E55C8 /* PhotoView.swift */,
				50EB5C9628904686008E55C8 /* AsyncResult.swift */,
				50EB5C9A289046DC008E55C8 /* PhotoResolver.swift */,
			);
			path = AsyncPhotoView;
			sourceTree = "<group>";
		};
		50EB5CA1289047AC008E55C8 /* Items */ = {
			isa = PBXGroup;
			children = (
				50EB5C94289038FA008E55C8 /* DirectoryItem.swift */,
				50EB5C98289046CC008E55C8 /* DiskItem.swift */,
				50EB5C9F2890479C008E55C8 /* UniqueItem.swift */,
			);
			path = Items;
			sourceTree = "<group>";
		};
		50EB5CA2289047BD008E55C8 /* Project */ = {
			isa = PBXGroup;
			children = (
				50420105268780810000B39E /* ProjectsView.swift */,
				5084EC80268787F9004F4EF1 /* ProjectView.swift */,
				50420113268780B80000B39E /* Project.swift */,
				508C0EF4288BCB4F0097CFA4 /* Project+photos.swift */,
			);
			path = Project;
			sourceTree = "<group>";
		};
		50EB5CA3289047C4008E55C8 /* Person */ = {
			isa = PBXGroup;
			children = (
				5013AC36288BE26500C14186 /* Person.swift */,
				50758E73288FDED500132C6D /* RootDir.swift */,
				5013AC38288BE48200C14186 /* PeopleView.swift */,
			);
			path = Person;
			sourceTree = "<group>";
		};
/* End PBXGroup section */

/* Begin PBXNativeTarget section */
		504200FF268780810000B39E /* Projects */ = {
			isa = PBXNativeTarget;
			buildConfigurationList = 5042010F268780810000B39E /* Build configuration list for PBXNativeTarget "Projects" */;
			buildPhases = (
				504200FC268780810000B39E /* Sources */,
				504200FD268780810000B39E /* Frameworks */,
				504200FE268780810000B39E /* Resources */,
			);
			buildRules = (
			);
			dependencies = (
			);
			name = Projects;
			packageProductDependencies = (
				50420116268780DF0000B39E /* Files */,
				509E8DB4288FE640008134AC /* Directory */,
				50EB5C9228903444008E55C8 /* AsyncView */,
			);
			productName = Projects;
			productReference = 50420100268780810000B39E /* Projects.app */;
			productType = "com.apple.product-type.application";
		};
/* End PBXNativeTarget section */

/* Begin PBXProject section */
		504200F8268780810000B39E /* Project object */ = {
			isa = PBXProject;
			attributes = {
				LastSwiftUpdateCheck = 1250;
				LastUpgradeCheck = 1250;
				TargetAttributes = {
					504200FF268780810000B39E = {
						CreatedOnToolsVersion = 12.5.1;
					};
				};
			};
			buildConfigurationList = 504200FB268780810000B39E /* Build configuration list for PBXProject "Projects" */;
			compatibilityVersion = "Xcode 9.3";
			developmentRegion = en;
			hasScannedForEncodings = 0;
			knownRegions = (
				en,
				Base,
			);
			mainGroup = 504200F7268780810000B39E;
			packageReferences = (
				50420115268780DF0000B39E /* XCRemoteSwiftPackageReference "Files" */,
				509E8DB3288FE640008134AC /* XCRemoteSwiftPackageReference "Directory" */,
				50EB5C9128903444008E55C8 /* XCRemoteSwiftPackageReference "AsyncView" */,
			);
			productRefGroup = 50420101268780810000B39E /* Products */;
			projectDirPath = "";
			projectRoot = "";
			targets = (
				504200FF268780810000B39E /* Projects */,
			);
		};
/* End PBXProject section */

/* Begin PBXResourcesBuildPhase section */
		504200FE268780810000B39E /* Resources */ = {
			isa = PBXResourcesBuildPhase;
			buildActionMask = 2147483647;
			files = (
				5042010B268780810000B39E /* Preview Assets.xcassets in Resources */,
				50420108268780810000B39E /* Assets.xcassets in Resources */,
			);
			runOnlyForDeploymentPostprocessing = 0;
		};
/* End PBXResourcesBuildPhase section */

/* Begin PBXSourcesBuildPhase section */
		504200FC268780810000B39E /* Sources */ = {
			isa = PBXSourcesBuildPhase;
			buildActionMask = 2147483647;
			files = (
				50420106268780810000B39E /* ProjectsView.swift in Sources */,
				50EB5CA02890479C008E55C8 /* UniqueItem.swift in Sources */,
				50EB5C9728904686008E55C8 /* AsyncResult.swift in Sources */,
				5013AC39288BE48200C14186 /* PeopleView.swift in Sources */,
				50EB5C9D2890470B008E55C8 /* PhotoView.swift in Sources */,
				5084EC7C268787DF004F4EF1 /* ImagePicker.swift in Sources */,
				50420104268780810000B39E /* ProjectsApp.swift in Sources */,
				50420114268780B80000B39E /* Project.swift in Sources */,
				50EB5C9B289046DC008E55C8 /* PhotoResolver.swift in Sources */,
				50EB5C95289038FA008E55C8 /* DirectoryItem.swift in Sources */,
				5084EC82268787F9004F4EF1 /* ProjectView.swift in Sources */,
				5084EC7E268787F0004F4EF1 /* String+extensions.swift in Sources */,
				50EB5C99289046CC008E55C8 /* DiskItem.swift in Sources */,
				50758E74288FDED500132C6D /* RootDir.swift in Sources */,
				5013AC37288BE26500C14186 /* Person.swift in Sources */,
				508C0EF5288BCB4F0097CFA4 /* Project+photos.swift in Sources */,
			);
			runOnlyForDeploymentPostprocessing = 0;
		};
/* End PBXSourcesBuildPhase section */

/* Begin XCBuildConfiguration section */
		5042010D268780810000B39E /* Debug */ = {
			isa = XCBuildConfiguration;
			buildSettings = {
				ALWAYS_SEARCH_USER_PATHS = NO;
				CLANG_ANALYZER_NONNULL = YES;
				CLANG_ANALYZER_NUMBER_OBJECT_CONVERSION = YES_AGGRESSIVE;
				CLANG_CXX_LANGUAGE_STANDARD = "gnu++14";
				CLANG_CXX_LIBRARY = "libc++";
				CLANG_ENABLE_MODULES = YES;
				CLANG_ENABLE_OBJC_ARC = YES;
				CLANG_ENABLE_OBJC_WEAK = YES;
				CLANG_WARN_BLOCK_CAPTURE_AUTORELEASING = YES;
				CLANG_WARN_BOOL_CONVERSION = YES;
				CLANG_WARN_COMMA = YES;
				CLANG_WARN_CONSTANT_CONVERSION = YES;
				CLANG_WARN_DEPRECATED_OBJC_IMPLEMENTATIONS = YES;
				CLANG_WARN_DIRECT_OBJC_ISA_USAGE = YES_ERROR;
				CLANG_WARN_DOCUMENTATION_COMMENTS = YES;
				CLANG_WARN_EMPTY_BODY = YES;
				CLANG_WARN_ENUM_CONVERSION = YES;
				CLANG_WARN_INFINITE_RECURSION = YES;
				CLANG_WARN_INT_CONVERSION = YES;
				CLANG_WARN_NON_LITERAL_NULL_CONVERSION = YES;
				CLANG_WARN_OBJC_IMPLICIT_RETAIN_SELF = YES;
				CLANG_WARN_OBJC_LITERAL_CONVERSION = YES;
				CLANG_WARN_OBJC_ROOT_CLASS = YES_ERROR;
				CLANG_WARN_QUOTED_INCLUDE_IN_FRAMEWORK_HEADER = YES;
				CLANG_WARN_RANGE_LOOP_ANALYSIS = YES;
				CLANG_WARN_STRICT_PROTOTYPES = YES;
				CLANG_WARN_SUSPICIOUS_MOVE = YES;
				CLANG_WARN_UNGUARDED_AVAILABILITY = YES_AGGRESSIVE;
				CLANG_WARN_UNREACHABLE_CODE = YES;
				CLANG_WARN__DUPLICATE_METHOD_MATCH = YES;
				COPY_PHASE_STRIP = NO;
				DEBUG_INFORMATION_FORMAT = dwarf;
				ENABLE_STRICT_OBJC_MSGSEND = YES;
				ENABLE_TESTABILITY = YES;
				GCC_C_LANGUAGE_STANDARD = gnu11;
				GCC_DYNAMIC_NO_PIC = NO;
				GCC_NO_COMMON_BLOCKS = YES;
				GCC_OPTIMIZATION_LEVEL = 0;
				GCC_PREPROCESSOR_DEFINITIONS = (
					"DEBUG=1",
					"$(inherited)",
				);
				GCC_WARN_64_TO_32_BIT_CONVERSION = YES;
				GCC_WARN_ABOUT_RETURN_TYPE = YES_ERROR;
				GCC_WARN_UNDECLARED_SELECTOR = YES;
				GCC_WARN_UNINITIALIZED_AUTOS = YES_AGGRESSIVE;
				GCC_WARN_UNUSED_FUNCTION = YES;
				GCC_WARN_UNUSED_VARIABLE = YES;
				IPHONEOS_DEPLOYMENT_TARGET = 14.5;
				MTL_ENABLE_DEBUG_INFO = INCLUDE_SOURCE;
				MTL_FAST_MATH = YES;
				ONLY_ACTIVE_ARCH = YES;
				SDKROOT = iphoneos;
				SWIFT_ACTIVE_COMPILATION_CONDITIONS = DEBUG;
				SWIFT_OPTIMIZATION_LEVEL = "-Onone";
			};
			name = Debug;
		};
		5042010E268780810000B39E /* Release */ = {
			isa = XCBuildConfiguration;
			buildSettings = {
				ALWAYS_SEARCH_USER_PATHS = NO;
				CLANG_ANALYZER_NONNULL = YES;
				CLANG_ANALYZER_NUMBER_OBJECT_CONVERSION = YES_AGGRESSIVE;
				CLANG_CXX_LANGUAGE_STANDARD = "gnu++14";
				CLANG_CXX_LIBRARY = "libc++";
				CLANG_ENABLE_MODULES = YES;
				CLANG_ENABLE_OBJC_ARC = YES;
				CLANG_ENABLE_OBJC_WEAK = YES;
				CLANG_WARN_BLOCK_CAPTURE_AUTORELEASING = YES;
				CLANG_WARN_BOOL_CONVERSION = YES;
				CLANG_WARN_COMMA = YES;
				CLANG_WARN_CONSTANT_CONVERSION = YES;
				CLANG_WARN_DEPRECATED_OBJC_IMPLEMENTATIONS = YES;
				CLANG_WARN_DIRECT_OBJC_ISA_USAGE = YES_ERROR;
				CLANG_WARN_DOCUMENTATION_COMMENTS = YES;
				CLANG_WARN_EMPTY_BODY = YES;
				CLANG_WARN_ENUM_CONVERSION = YES;
				CLANG_WARN_INFINITE_RECURSION = YES;
				CLANG_WARN_INT_CONVERSION = YES;
				CLANG_WARN_NON_LITERAL_NULL_CONVERSION = YES;
				CLANG_WARN_OBJC_IMPLICIT_RETAIN_SELF = YES;
				CLANG_WARN_OBJC_LITERAL_CONVERSION = YES;
				CLANG_WARN_OBJC_ROOT_CLASS = YES_ERROR;
				CLANG_WARN_QUOTED_INCLUDE_IN_FRAMEWORK_HEADER = YES;
				CLANG_WARN_RANGE_LOOP_ANALYSIS = YES;
				CLANG_WARN_STRICT_PROTOTYPES = YES;
				CLANG_WARN_SUSPICIOUS_MOVE = YES;
				CLANG_WARN_UNGUARDED_AVAILABILITY = YES_AGGRESSIVE;
				CLANG_WARN_UNREACHABLE_CODE = YES;
				CLANG_WARN__DUPLICATE_METHOD_MATCH = YES;
				COPY_PHASE_STRIP = NO;
				DEBUG_INFORMATION_FORMAT = "dwarf-with-dsym";
				ENABLE_NS_ASSERTIONS = NO;
				ENABLE_STRICT_OBJC_MSGSEND = YES;
				GCC_C_LANGUAGE_STANDARD = gnu11;
				GCC_NO_COMMON_BLOCKS = YES;
				GCC_WARN_64_TO_32_BIT_CONVERSION = YES;
				GCC_WARN_ABOUT_RETURN_TYPE = YES_ERROR;
				GCC_WARN_UNDECLARED_SELECTOR = YES;
				GCC_WARN_UNINITIALIZED_AUTOS = YES_AGGRESSIVE;
				GCC_WARN_UNUSED_FUNCTION = YES;
				GCC_WARN_UNUSED_VARIABLE = YES;
				IPHONEOS_DEPLOYMENT_TARGET = 14.5;
				MTL_ENABLE_DEBUG_INFO = NO;
				MTL_FAST_MATH = YES;
				SDKROOT = iphoneos;
				SWIFT_COMPILATION_MODE = wholemodule;
				SWIFT_OPTIMIZATION_LEVEL = "-O";
				VALIDATE_PRODUCT = YES;
			};
			name = Release;
		};
		50420110268780810000B39E /* Debug */ = {
			isa = XCBuildConfiguration;
			buildSettings = {
				ASSETCATALOG_COMPILER_APPICON_NAME = AppIcon;
				ASSETCATALOG_COMPILER_GLOBAL_ACCENT_COLOR_NAME = AccentColor;
				CODE_SIGN_STYLE = Automatic;
				DEVELOPMENT_ASSET_PATHS = "\"Projects/Preview Content\"";
				ENABLE_PREVIEWS = YES;
				INFOPLIST_FILE = Projects/Info.plist;
				IPHONEOS_DEPLOYMENT_TARGET = 15.0;
				LD_RUNPATH_SEARCH_PATHS = (
					"$(inherited)",
					"@executable_path/Frameworks",
				);
				PRODUCT_BUNDLE_IDENTIFIER = com.nash.Projects;
				PRODUCT_NAME = "$(TARGET_NAME)";
				SWIFT_VERSION = 5.0;
				TARGETED_DEVICE_FAMILY = 1;
			};
			name = Debug;
		};
		50420111268780810000B39E /* Release */ = {
			isa = XCBuildConfiguration;
			buildSettings = {
				ASSETCATALOG_COMPILER_APPICON_NAME = AppIcon;
				ASSETCATALOG_COMPILER_GLOBAL_ACCENT_COLOR_NAME = AccentColor;
				CODE_SIGN_STYLE = Automatic;
				DEVELOPMENT_ASSET_PATHS = "\"Projects/Preview Content\"";
				ENABLE_PREVIEWS = YES;
				INFOPLIST_FILE = Projects/Info.plist;
				IPHONEOS_DEPLOYMENT_TARGET = 15.0;
				LD_RUNPATH_SEARCH_PATHS = (
					"$(inherited)",
					"@executable_path/Frameworks",
				);
				PRODUCT_BUNDLE_IDENTIFIER = com.nash.Projects;
				PRODUCT_NAME = "$(TARGET_NAME)";
				SWIFT_VERSION = 5.0;
				TARGETED_DEVICE_FAMILY = 1;
			};
			name = Release;
		};
/* End XCBuildConfiguration section */

/* Begin XCConfigurationList section */
		504200FB268780810000B39E /* Build configuration list for PBXProject "Projects" */ = {
			isa = XCConfigurationList;
			buildConfigurations = (
				5042010D268780810000B39E /* Debug */,
				5042010E268780810000B39E /* Release */,
			);
			defaultConfigurationIsVisible = 0;
			defaultConfigurationName = Release;
		};
		5042010F268780810000B39E /* Build configuration list for PBXNativeTarget "Projects" */ = {
			isa = XCConfigurationList;
			buildConfigurations = (
				50420110268780810000B39E /* Debug */,
				50420111268780810000B39E /* Release */,
			);
			defaultConfigurationIsVisible = 0;
			defaultConfigurationName = Release;
		};
/* End XCConfigurationList section */

/* Begin XCRemoteSwiftPackageReference section */
		50420115268780DF0000B39E /* XCRemoteSwiftPackageReference "Files" */ = {
			isa = XCRemoteSwiftPackageReference;
			repositoryURL = "https://github.com/JohnSundell/Files";
			requirement = {
				kind = upToNextMajorVersion;
				minimumVersion = 4.2.0;
			};
		};
		509E8DB3288FE640008134AC /* XCRemoteSwiftPackageReference "Directory" */ = {
			isa = XCRemoteSwiftPackageReference;
			repositoryURL = "https://github.com/nashysolutions/Directory.git";
			requirement = {
				kind = exactVersion;
				version = 5.0.0;
			};
		};
		50EB5C9128903444008E55C8 /* XCRemoteSwiftPackageReference "AsyncView" */ = {
			isa = XCRemoteSwiftPackageReference;
			repositoryURL = "https://github.com/ralfebert/AsyncView.git";
			requirement = {
				kind = upToNextMinorVersion;
				minimumVersion = 0.5.1;
			};
		};
/* End XCRemoteSwiftPackageReference section */

/* Begin XCSwiftPackageProductDependency section */
		50420116268780DF0000B39E /* Files */ = {
			isa = XCSwiftPackageProductDependency;
			package = 50420115268780DF0000B39E /* XCRemoteSwiftPackageReference "Files" */;
			productName = Files;
		};
		509E8DB4288FE640008134AC /* Directory */ = {
			isa = XCSwiftPackageProductDependency;
			package = 509E8DB3288FE640008134AC /* XCRemoteSwiftPackageReference "Directory" */;
			productName = Directory;
		};
		50EB5C9228903444008E55C8 /* AsyncView */ = {
			isa = XCSwiftPackageProductDependency;
			package = 50EB5C9128903444008E55C8 /* XCRemoteSwiftPackageReference "AsyncView" */;
			productName = AsyncView;
		};
/* End XCSwiftPackageProductDependency section */
	};
	rootObject = 504200F8268780810000B39E /* Project object */;
}
