{
  "pins" : [
    {
      "identity" : "asyncview",
      "kind" : "remoteSourceControl",
      "location" : "https://github.com/ralfebert/AsyncView.git",
      "state" : {
        "revision" : "62905b5289b766911c4d464517dce64b3b973100",
        "version" : "0.5.1"
      }
    },
    {
      "identity" : "cache",
      "kind" : "remoteSourceControl",
      "location" : "https://github.com/nashysolutions/Cache.git",
      "state" : {
        "revision" : "12b577aa115eeba4ec5a841e9f005709e01052ca",
        "version" : "2.0.0"
      }
    },
    {
      "identity" : "directory",
      "kind" : "remoteSourceControl",
      "location" : "https://github.com/nashysolutions/Directory.git",
      "state" : {
        "revision" : "c55f8a61b3feb9a9e349a9747569f43157c56bdb",
        "version" : "5.0.0"
      }
    },
    {
      "identity" : "files",
      "kind" : "remoteSourceControl",
      "location" : "https://github.com/JohnSundell/Files",
      "state" : {
        "revision" : "d273b5b7025d386feef79ef6bad7de762e106eaf",
        "version" : "4.2.0"
      }
    }
  ],
  "version" : 2
}
